
Microsoft Visual Studio Solution File, Format Version 12.00
# Visual Studio Version 17
VisualStudioVersion = 17.11.35327.3
MinimumVisualStudioVersion = 10.0.40219.1
Project("{FAE04EC0-301F-11D3-BF4B-00C04F79EFBC}") = "openbrow", "openbrow\openbrow.csproj", "{00CAA657-B24E-4999-8959-F533F5D4BDF3}"
EndProject
Global
	GlobalSection(SolutionConfigurationPlatforms) = preSolution
		Debug|Any CPU = Debug|Any CPU
		Release|Any CPU = Release|Any CPU
	EndGlobalSection
	GlobalSection(ProjectConfigurationPlatforms) = postSolution
		{00CAA657-B24E-4999-8959-F533F5D4BDF3}.Debug|Any CPU.ActiveCfg = Debug|Any CPU
		{00CAA657-B24E-4999-8959-F533F5D4BDF3}.Debug|Any CPU.Build.0 = Debug|Any CPU
		{00CAA657-B24E-4999-8959-F533F5D4BDF3}.Release|Any CPU.ActiveCfg = Release|Any CPU
		{00CAA657-B24E-4999-8959-F533F5D4BDF3}.Release|Any CPU.Build.0 = Release|Any CPU
	EndGlobalSection
	GlobalSection(SolutionProperties) = preSolution
		HideSolutionNode = FALSE
	EndGlobalSection
	GlobalSection(ExtensibilityGlobals) = postSolution
		SolutionGuid = {D426E747-C4E7-4DE5-8045-88B808C02E92}
	EndGlobalSection
EndGlobal
